
Microsoft Visual Studio Solution File, Format Version 12.00
# Visual Studio Version 17
VisualStudioVersion = 17.9.34607.119
MinimumVisualStudioVersion = 10.0.40219.1
Project("{FAE04EC0-301F-11D3-BF4B-00C04F79EFBC}") = "UserApi", "UserApi\UserApi.csproj", "{6A2526A9-5578-4B1B-9F17-0C6B282C17DA}"
EndProject
Project("{FAE04EC0-301F-11D3-BF4B-00C04F79EFBC}") = "UserApi.Domain", "UserApi.Domain\UserApi.Domain.csproj", "{1CF92C90-55E4-410D-BC7C-F16D4ED3D5C7}"
EndProject
Global
	GlobalSection(SolutionConfigurationPlatforms) = preSolution
		Debug|Any CPU = Debug|Any CPU
		Release|Any CPU = Release|Any CPU
	EndGlobalSection
	GlobalSection(ProjectConfigurationPlatforms) = postSolution
		{6A2526A9-5578-4B1B-9F17-0C6B282C17DA}.Debug|Any CPU.ActiveCfg = Debug|Any CPU
		{6A2526A9-5578-4B1B-9F17-0C6B282C17DA}.Debug|Any CPU.Build.0 = Debug|Any CPU
		{6A2526A9-5578-4B1B-9F17-0C6B282C17DA}.Release|Any CPU.ActiveCfg = Release|Any CPU
		{6A2526A9-5578-4B1B-9F17-0C6B282C17DA}.Release|Any CPU.Build.0 = Release|Any CPU
		{1CF92C90-55E4-410D-BC7C-F16D4ED3D5C7}.Debug|Any CPU.ActiveCfg = Debug|Any CPU
		{1CF92C90-55E4-410D-BC7C-F16D4ED3D5C7}.Debug|Any CPU.Build.0 = Debug|Any CPU
		{1CF92C90-55E4-410D-BC7C-F16D4ED3D5C7}.Release|Any CPU.ActiveCfg = Release|Any CPU
		{1CF92C90-55E4-410D-BC7C-F16D4ED3D5C7}.Release|Any CPU.Build.0 = Release|Any CPU
	EndGlobalSection
	GlobalSection(SolutionProperties) = preSolution
		HideSolutionNode = FALSE
	EndGlobalSection
	GlobalSection(ExtensibilityGlobals) = postSolution
		SolutionGuid = {F3B1F211-8411-4E50-B1EC-D06832D4BFF4}
	EndGlobalSection
EndGlobal
